{
    "git": [
        {
            "import": "github.com/evalphobia/logrus_sentry",
            "version": "v0.2.14"
        },
        {
            "import": "github.com/spf13/viper",
            "version": "master"
        },
        {
            "import": "github.com/onsi/gomega",
            "version": "v1.1.0"
        },
        {
            "import": "github.com/onsi/ginkgo",
            "version": "v1.3.1"
        },
        {
            "import": "github.com/Sirupsen/logrus",
            "version": "v0.11.5"
        },
        {
            "import": "github.com/aws/aws-sdk-go",
            "version": "v1.8.21"
        }
    ],
    "local": [],
    "global": []
}